
Microsoft Visual Studio Solution File, Format Version 12.00
# Visual Studio Version 17
VisualStudioVersion = 17.0.31903.59
MinimumVisualStudioVersion = 10.0.40219.1
Project("{FAE04EC0-301F-11D3-BF4B-00C04F79EFBC}") = "FuzzyLib", "FuzzyLib\FuzzyLib.csproj", "{683AC489-11E9-47FA-85C1-57DF4063B8B2}"
EndProject
Project("{FAE04EC0-301F-11D3-BF4B-00C04F79EFBC}") = "fuzzify", "fuzzify\fuzzify.csproj", "{2C320DD3-2138-404B-B7CF-142D829D9A76}"
EndProject
Project("{FAE04EC0-301F-11D3-BF4B-00C04F79EFBC}") = "Fuzzy.Tests", "Fuzzy.Tests\Fuzzy.Tests.csproj", "{669FC5B1-C1DC-4B80-8235-D3AF77F996BA}"
EndProject
Global
	GlobalSection(SolutionConfigurationPlatforms) = preSolution
		Debug|Any CPU = Debug|Any CPU
		Release|Any CPU = Release|Any CPU
	EndGlobalSection
	GlobalSection(SolutionProperties) = preSolution
		HideSolutionNode = FALSE
	EndGlobalSection
	GlobalSection(ProjectConfigurationPlatforms) = postSolution
		{683AC489-11E9-47FA-85C1-57DF4063B8B2}.Debug|Any CPU.ActiveCfg = Debug|Any CPU
		{683AC489-11E9-47FA-85C1-57DF4063B8B2}.Debug|Any CPU.Build.0 = Debug|Any CPU
		{683AC489-11E9-47FA-85C1-57DF4063B8B2}.Release|Any CPU.ActiveCfg = Release|Any CPU
		{683AC489-11E9-47FA-85C1-57DF4063B8B2}.Release|Any CPU.Build.0 = Release|Any CPU
		{2C320DD3-2138-404B-B7CF-142D829D9A76}.Debug|Any CPU.ActiveCfg = Debug|Any CPU
		{2C320DD3-2138-404B-B7CF-142D829D9A76}.Debug|Any CPU.Build.0 = Debug|Any CPU
		{2C320DD3-2138-404B-B7CF-142D829D9A76}.Release|Any CPU.ActiveCfg = Release|Any CPU
		{2C320DD3-2138-404B-B7CF-142D829D9A76}.Release|Any CPU.Build.0 = Release|Any CPU
		{669FC5B1-C1DC-4B80-8235-D3AF77F996BA}.Debug|Any CPU.ActiveCfg = Debug|Any CPU
		{669FC5B1-C1DC-4B80-8235-D3AF77F996BA}.Debug|Any CPU.Build.0 = Debug|Any CPU
		{669FC5B1-C1DC-4B80-8235-D3AF77F996BA}.Release|Any CPU.ActiveCfg = Release|Any CPU
		{669FC5B1-C1DC-4B80-8235-D3AF77F996BA}.Release|Any CPU.Build.0 = Release|Any CPU
	EndGlobalSection
EndGlobal
